// !$*UTF8*$!
{
	archiveVersion = 1;
	classes = {
	};
	objectVersion = 56;
	objects = {

/* Begin PBXBuildFile section */
		29F5568D2B799B9A00FE6F0F /* test_appApp.swift in Sources */ = {isa = PBXBuildFile; fileRef = 29F5568C2B799B9A00FE6F0F /* test_appApp.swift */; };
		29F5568F2B799B9A00FE6F0F /* ContentView.swift in Sources */ = {isa = PBXBuildFile; fileRef = 29F5568E2B799B9A00FE6F0F /* ContentView.swift */; };
		29F556912B799B9C00FE6F0F /* Assets.xcassets in Resources */ = {isa = PBXBuildFile; fileRef = 29F556902B799B9C00FE6F0F /* Assets.xcassets */; };
		29F556942B799B9C00FE6F0F /* Preview Assets.xcassets in Resources */ = {isa = PBXBuildFile; fileRef = 29F556932B799B9C00FE6F0F /* Preview Assets.xcassets */; };
		29F5569E2B799B9C00FE6F0F /* test_appTests.swift in Sources */ = {isa = PBXBuildFile; fileRef = 29F5569D2B799B9C00FE6F0F /* test_appTests.swift */; };
		29F556A82B799B9C00FE6F0F /* test_appUITests.swift in Sources */ = {isa = PBXBuildFile; fileRef = 29F556A72B799B9C00FE6F0F /* test_appUITests.swift */; };
		29F556AA2B799B9C00FE6F0F /* test_appUITestsLaunchTests.swift in Sources */ = {isa = PBXBuildFile; fileRef = 29F556A92B799B9C00FE6F0F /* test_appUITestsLaunchTests.swift */; };
/* End PBXBuildFile section */

/* Begin PBXContainerItemProxy section */
		29F5569A2B799B9C00FE6F0F /* PBXContainerItemProxy */ = {
			isa = PBXContainerItemProxy;
			containerPortal = 29F556812B799B9A00FE6F0F /* Project object */;
			proxyType = 1;
			remoteGlobalIDString = 29F556882B799B9A00FE6F0F;
			remoteInfo = test_app;
		};
		29F556A42B799B9C00FE6F0F /* PBXContainerItemProxy */ = {
			isa = PBXContainerItemProxy;
			containerPortal = 29F556812B799B9A00FE6F0F /* Project object */;
			proxyType = 1;
			remoteGlobalIDString = 29F556882B799B9A00FE6F0F;
			remoteInfo = test_app;
		};
/* End PBXContainerItemProxy section */

/* Begin PBXFileReference section */
		29F556892B799B9A00FE6F0F /* test_app.app */ = {isa = PBXFileReference; explicitFileType = wrapper.application; includeInIndex = 0; path = test_app.app; sourceTree = BUILT_PRODUCTS_DIR; };
		29F5568C2B799B9A00FE6F0F /* test_appApp.swift */ = {isa = PBXFileReference; lastKnownFileType = sourcecode.swift; path = test_appApp.swift; sourceTree = "<group>"; };
		29F5568E2B799B9A00FE6F0F /* ContentView.swift */ = {isa = PBXFileReference; lastKnownFileType = sourcecode.swift; path = ContentView.swift; sourceTree = "<group>"; };
		29F556902B799B9C00FE6F0F /* Assets.xcassets */ = {isa = PBXFileReference; lastKnownFileType = folder.assetcatalog; path = Assets.xcassets; sourceTree = "<group>"; };
		29F556932B799B9C00FE6F0F /* Preview Assets.xcassets */ = {isa = PBXFileReference; lastKnownFileType = folder.assetcatalog; path = "Preview Assets.xcassets"; sourceTree = "<group>"; };
		29F556992B799B9C00FE6F0F /* test_appTests.xctest */ = {isa = PBXFileReference; explicitFileType = wrapper.cfbundle; includeInIndex = 0; path = test_appTests.xctest; sourceTree = BUILT_PRODUCTS_DIR; };
		29F5569D2B799B9C00FE6F0F /* test_appTests.swift */ = {isa = PBXFileReference; lastKnownFileType = sourcecode.swift; path = test_appTests.swift; sourceTree = "<group>"; };
		29F556A32B799B9C00FE6F0F /* test_appUITests.xctest */ = {isa = PBXFileReference; explicitFileType = wrapper.cfbundle; includeInIndex = 0; path = test_appUITests.xctest; sourceTree = BUILT_PRODUCTS_DIR; };
		29F556A72B799B9C00FE6F0F /* test_appUITests.swift */ = {isa = PBXFileReference; lastKnownFileType = sourcecode.swift; path = test_appUITests.swift; sourceTree = "<group>"; };
		29F556A92B799B9C00FE6F0F /* test_appUITestsLaunchTests.swift */ = {isa = PBXFileReference; lastKnownFileType = sourcecode.swift; path = test_appUITestsLaunchTests.swift; sourceTree = "<group>"; };
/* End PBXFileReference section */

/* Begin PBXFrameworksBuildPhase section */
		29F556862B799B9A00FE6F0F /* Frameworks */ = {
			isa = PBXFrameworksBuildPhase;
			buildActionMask = 2147483647;
			files = (
			);
			runOnlyForDeploymentPostprocessing = 0;
		};
		29F556962B799B9C00FE6F0F /* Frameworks */ = {
			isa = PBXFrameworksBuildPhase;
			buildActionMask = 2147483647;
			files = (
			);
			runOnlyForDeploymentPostprocessing = 0;
		};
		29F556A02B799B9C00FE6F0F /* Frameworks */ = {
			isa = PBXFrameworksBuildPhase;
			buildActionMask = 2147483647;
			files = (
			);
			runOnlyForDeploymentPostprocessing = 0;
		};
/* End PBXFrameworksBuildPhase section */

/* Begin PBXGroup section */
		29F556802B799B9A00FE6F0F = {
			isa = PBXGroup;
			children = (
				29F5568B2B799B9A00FE6F0F /* test_app */,
				29F5569C2B799B9C00FE6F0F /* test_appTests */,
				29F556A62B799B9C00FE6F0F /* test_appUITests */,
				29F5568A2B799B9A00FE6F0F /* Products */,
			);
			sourceTree = "<group>";
		};
		29F5568A2B799B9A00FE6F0F /* Products */ = {
			isa = PBXGroup;
			children = (
				29F556892B799B9A00FE6F0F /* test_app.app */,
				29F556992B799B9C00FE6F0F /* test_appTests.xctest */,
				29F556A32B799B9C00FE6F0F /* test_appUITests.xctest */,
			);
			name = Products;
			sourceTree = "<group>";
		};
		29F5568B2B799B9A00FE6F0F /* test_app */ = {
			isa = PBXGroup;
			children = (
				29F5568C2B799B9A00FE6F0F /* test_appApp.swift */,
				29F5568E2B799B9A00FE6F0F /* ContentView.swift */,
				29F556902B799B9C00FE6F0F /* Assets.xcassets */,
				29F556922B799B9C00FE6F0F /* Preview Content */,
			);
			path = test_app;
			sourceTree = "<group>";
		};
		29F556922B799B9C00FE6F0F /* Preview Content */ = {
			isa = PBXGroup;
			children = (
				29F556932B799B9C00FE6F0F /* Preview Assets.xcassets */,
			);
			path = "Preview Content";
			sourceTree = "<group>";
		};
		29F5569C2B799B9C00FE6F0F /* test_appTests */ = {
			isa = PBXGroup;
			children = (
				29F5569D2B799B9C00FE6F0F /* test_appTests.swift */,
			);
			path = test_appTests;
			sourceTree = "<group>";
		};
		29F556A62B799B9C00FE6F0F /* test_appUITests */ = {
			isa = PBXGroup;
			children = (
				29F556A72B799B9C00FE6F0F /* test_appUITests.swift */,
				29F556A92B799B9C00FE6F0F /* test_appUITestsLaunchTests.swift */,
			);
			path = test_appUITests;
			sourceTree = "<group>";
		};
/* End PBXGroup section */

/* Begin PBXNativeTarget section */
		29F556882B799B9A00FE6F0F /* test_app */ = {
			isa = PBXNativeTarget;
			buildConfigurationList = 29F556AD2B799B9C00FE6F0F /* Build configuration list for PBXNativeTarget "test_app" */;
			buildPhases = (
				29F556852B799B9A00FE6F0F /* Sources */,
				29F556862B799B9A00FE6F0F /* Frameworks */,
				29F556872B799B9A00FE6F0F /* Resources */,
			);
			buildRules = (
			);
			dependencies = (
			);
			name = test_app;
			productName = test_app;
			productReference = 29F556892B799B9A00FE6F0F /* test_app.app */;
			productType = "com.apple.product-type.application";
		};
		29F556982B799B9C00FE6F0F /* test_appTests */ = {
			isa = PBXNativeTarget;
			buildConfigurationList = 29F556B02B799B9C00FE6F0F /* Build configuration list for PBXNativeTarget "test_appTests" */;
			buildPhases = (
				29F556952B799B9C00FE6F0F /* Sources */,
				29F556962B799B9C00FE6F0F /* Frameworks */,
				29F556972B799B9C00FE6F0F /* Resources */,
			);
			buildRules = (
			);
			dependencies = (
				29F5569B2B799B9C00FE6F0F /* PBXTargetDependency */,
			);
			name = test_appTests;
			productName = test_appTests;
			productReference = 29F556992B799B9C00FE6F0F /* test_appTests.xctest */;
			productType = "com.apple.product-type.bundle.unit-test";
		};
		29F556A22B799B9C00FE6F0F /* test_appUITests */ = {
			isa = PBXNativeTarget;
			buildConfigurationList = 29F556B32B799B9C00FE6F0F /* Build configuration list for PBXNativeTarget "test_appUITests" */;
			buildPhases = (
				29F5569F2B799B9C00FE6F0F /* Sources */,
				29F556A02B799B9C00FE6F0F /* Frameworks */,
				29F556A12B799B9C00FE6F0F /* Resources */,
			);
			buildRules = (
			);
			dependencies = (
				29F556A52B799B9C00FE6F0F /* PBXTargetDependency */,
			);
			name = test_appUITests;
			productName = test_appUITests;
			productReference = 29F556A32B799B9C00FE6F0F /* test_appUITests.xctest */;
			productType = "com.apple.product-type.bundle.ui-testing";
		};
/* End PBXNativeTarget section */

/* Begin PBXProject section */
		29F556812B799B9A00FE6F0F /* Project object */ = {
			isa = PBXProject;
			attributes = {
				BuildIndependentTargetsInParallel = 1;
				LastSwiftUpdateCheck = 1500;
				LastUpgradeCheck = 1500;
				TargetAttributes = {
					29F556882B799B9A00FE6F0F = {
						CreatedOnToolsVersion = 15.0.1;
					};
					29F556982B799B9C00FE6F0F = {
						CreatedOnToolsVersion = 15.0.1;
						TestTargetID = 29F556882B799B9A00FE6F0F;
					};
					29F556A22B799B9C00FE6F0F = {
						CreatedOnToolsVersion = 15.0.1;
						TestTargetID = 29F556882B799B9A00FE6F0F;
					};
				};
			};
			buildConfigurationList = 29F556842B799B9A00FE6F0F /* Build configuration list for PBXProject "test_app" */;
			compatibilityVersion = "Xcode 14.0";
			developmentRegion = en;
			hasScannedForEncodings = 0;
			knownRegions = (
				en,
				Base,
			);
			mainGroup = 29F556802B799B9A00FE6F0F;
			productRefGroup = 29F5568A2B799B9A00FE6F0F /* Products */;
			projectDirPath = "";
			projectRoot = "";
			targets = (
				29F556882B799B9A00FE6F0F /* test_app */,
				29F556982B799B9C00FE6F0F /* test_appTests */,
				29F556A22B799B9C00FE6F0F /* test_appUITests */,
			);
		};
/* End PBXProject section */

/* Begin PBXResourcesBuildPhase section */
		29F556872B799B9A00FE6F0F /* Resources */ = {
			isa = PBXResourcesBuildPhase;
			buildActionMask = 2147483647;
			files = (
				29F556942B799B9C00FE6F0F /* Preview Assets.xcassets in Resources */,
				29F556912B799B9C00FE6F0F /* Assets.xcassets in Resources */,
			);
			runOnlyForDeploymentPostprocessing = 0;
		};
		29F556972B799B9C00FE6F0F /* Resources */ = {
			isa = PBXResourcesBuildPhase;
			buildActionMask = 2147483647;
			files = (
			);
			runOnlyForDeploymentPostprocessing = 0;
		};
		29F556A12B799B9C00FE6F0F /* Resources */ = {
			isa = PBXResourcesBuildPhase;
			buildActionMask = 2147483647;
			files = (
			);
			runOnlyForDeploymentPostprocessing = 0;
		};
/* End PBXResourcesBuildPhase section */

/* Begin PBXSourcesBuildPhase section */
		29F556852B799B9A00FE6F0F /* Sources */ = {
			isa = PBXSourcesBuildPhase;
			buildActionMask = 2147483647;
			files = (
				29F5568F2B799B9A00FE6F0F /* ContentView.swift in Sources */,
				29F5568D2B799B9A00FE6F0F /* test_appApp.swift in Sources */,
			);
			runOnlyForDeploymentPostprocessing = 0;
		};
		29F556952B799B9C00FE6F0F /* Sources */ = {
			isa = PBXSourcesBuildPhase;
			buildActionMask = 2147483647;
			files = (
				29F5569E2B799B9C00FE6F0F /* test_appTests.swift in Sources */,
			);
			runOnlyForDeploymentPostprocessing = 0;
		};
		29F5569F2B799B9C00FE6F0F /* Sources */ = {
			isa = PBXSourcesBuildPhase;
			buildActionMask = 2147483647;
			files = (
				29F556AA2B799B9C00FE6F0F /* test_appUITestsLaunchTests.swift in Sources */,
				29F556A82B799B9C00FE6F0F /* test_appUITests.swift in Sources */,
			);
			runOnlyForDeploymentPostprocessing = 0;
		};
/* End PBXSourcesBuildPhase section */

/* Begin PBXTargetDependency section */
		29F5569B2B799B9C00FE6F0F /* PBXTargetDependency */ = {
			isa = PBXTargetDependency;
			target = 29F556882B799B9A00FE6F0F /* test_app */;
			targetProxy = 29F5569A2B799B9C00FE6F0F /* PBXContainerItemProxy */;
		};
		29F556A52B799B9C00FE6F0F /* PBXTargetDependency */ = {
			isa = PBXTargetDependency;
			target = 29F556882B799B9A00FE6F0F /* test_app */;
			targetProxy = 29F556A42B799B9C00FE6F0F /* PBXContainerItemProxy */;
		};
/* End PBXTargetDependency section */

/* Begin XCBuildConfiguration section */
		29F556AB2B799B9C00FE6F0F /* Debug */ = {
			isa = XCBuildConfiguration;
			buildSettings = {
				ALWAYS_SEARCH_USER_PATHS = NO;
				ASSETCATALOG_COMPILER_GENERATE_SWIFT_ASSET_SYMBOL_EXTENSIONS = YES;
				CLANG_ANALYZER_NONNULL = YES;
				CLANG_ANALYZER_NUMBER_OBJECT_CONVERSION = YES_AGGRESSIVE;
				CLANG_CXX_LANGUAGE_STANDARD = "gnu++20";
				CLANG_ENABLE_MODULES = YES;
				CLANG_ENABLE_OBJC_ARC = YES;
				CLANG_ENABLE_OBJC_WEAK = YES;
				CLANG_WARN_BLOCK_CAPTURE_AUTORELEASING = YES;
				CLANG_WARN_BOOL_CONVERSION = YES;
				CLANG_WARN_COMMA = YES;
				CLANG_WARN_CONSTANT_CONVERSION = YES;
				CLANG_WARN_DEPRECATED_OBJC_IMPLEMENTATIONS = YES;
				CLANG_WARN_DIRECT_OBJC_ISA_USAGE = YES_ERROR;
				CLANG_WARN_DOCUMENTATION_COMMENTS = YES;
				CLANG_WARN_EMPTY_BODY = YES;
				CLANG_WARN_ENUM_CONVERSION = YES;
				CLANG_WARN_INFINITE_RECURSION = YES;
				CLANG_WARN_INT_CONVERSION = YES;
				CLANG_WARN_NON_LITERAL_NULL_CONVERSION = YES;
				CLANG_WARN_OBJC_IMPLICIT_RETAIN_SELF = YES;
				CLANG_WARN_OBJC_LITERAL_CONVERSION = YES;
				CLANG_WARN_OBJC_ROOT_CLASS = YES_ERROR;
				CLANG_WARN_QUOTED_INCLUDE_IN_FRAMEWORK_HEADER = YES;
				CLANG_WARN_RANGE_LOOP_ANALYSIS = YES;
				CLANG_WARN_STRICT_PROTOTYPES = YES;
				CLANG_WARN_SUSPICIOUS_MOVE = YES;
				CLANG_WARN_UNGUARDED_AVAILABILITY = YES_AGGRESSIVE;
				CLANG_WARN_UNREACHABLE_CODE = YES;
				CLANG_WARN__DUPLICATE_METHOD_MATCH = YES;
				COPY_PHASE_STRIP = NO;
				DEBUG_INFORMATION_FORMAT = dwarf;
				ENABLE_STRICT_OBJC_MSGSEND = YES;
				ENABLE_TESTABILITY = YES;
				ENABLE_USER_SCRIPT_SANDBOXING = YES;
				GCC_C_LANGUAGE_STANDARD = gnu17;
				GCC_DYNAMIC_NO_PIC = NO;
				GCC_NO_COMMON_BLOCKS = YES;
				GCC_OPTIMIZATION_LEVEL = 0;
				GCC_PREPROCESSOR_DEFINITIONS = (
					"DEBUG=1",
					"$(inherited)",
				);
				GCC_WARN_64_TO_32_BIT_CONVERSION = YES;
				GCC_WARN_ABOUT_RETURN_TYPE = YES_ERROR;
				GCC_WARN_UNDECLARED_SELECTOR = YES;
				GCC_WARN_UNINITIALIZED_AUTOS = YES_AGGRESSIVE;
				GCC_WARN_UNUSED_FUNCTION = YES;
				GCC_WARN_UNUSED_VARIABLE = YES;
				IPHONEOS_DEPLOYMENT_TARGET = 17.0;
				LOCALIZATION_PREFERS_STRING_CATALOGS = YES;
				MTL_ENABLE_DEBUG_INFO = INCLUDE_SOURCE;
				MTL_FAST_MATH = YES;
				ONLY_ACTIVE_ARCH = YES;
				SDKROOT = iphoneos;
				SWIFT_ACTIVE_COMPILATION_CONDITIONS = "DEBUG $(inherited)";
				SWIFT_OPTIMIZATION_LEVEL = "-Onone";
			};
			name = Debug;
		};
		29F556AC2B799B9C00FE6F0F /* Release */ = {
			isa = XCBuildConfiguration;
			buildSettings = {
				ALWAYS_SEARCH_USER_PATHS = NO;
				ASSETCATALOG_COMPILER_GENERATE_SWIFT_ASSET_SYMBOL_EXTENSIONS = YES;
				CLANG_ANALYZER_NONNULL = YES;
				CLANG_ANALYZER_NUMBER_OBJECT_CONVERSION = YES_AGGRESSIVE;
				CLANG_CXX_LANGUAGE_STANDARD = "gnu++20";
				CLANG_ENABLE_MODULES = YES;
				CLANG_ENABLE_OBJC_ARC = YES;
				CLANG_ENABLE_OBJC_WEAK = YES;
				CLANG_WARN_BLOCK_CAPTURE_AUTORELEASING = YES;
				CLANG_WARN_BOOL_CONVERSION = YES;
				CLANG_WARN_COMMA = YES;
				CLANG_WARN_CONSTANT_CONVERSION = YES;
				CLANG_WARN_DEPRECATED_OBJC_IMPLEMENTATIONS = YES;
				CLANG_WARN_DIRECT_OBJC_ISA_USAGE = YES_ERROR;
				CLANG_WARN_DOCUMENTATION_COMMENTS = YES;
				CLANG_WARN_EMPTY_BODY = YES;
				CLANG_WARN_ENUM_CONVERSION = YES;
				CLANG_WARN_INFINITE_RECURSION = YES;
				CLANG_WARN_INT_CONVERSION = YES;
				CLANG_WARN_NON_LITERAL_NULL_CONVERSION = YES;
				CLANG_WARN_OBJC_IMPLICIT_RETAIN_SELF = YES;
				CLANG_WARN_OBJC_LITERAL_CONVERSION = YES;
				CLANG_WARN_OBJC_ROOT_CLASS = YES_ERROR;
				CLANG_WARN_QUOTED_INCLUDE_IN_FRAMEWORK_HEADER = YES;
				CLANG_WARN_RANGE_LOOP_ANALYSIS = YES;
				CLANG_WARN_STRICT_PROTOTYPES = YES;
				CLANG_WARN_SUSPICIOUS_MOVE = YES;
				CLANG_WARN_UNGUARDED_AVAILABILITY = YES_AGGRESSIVE;
				CLANG_WARN_UNREACHABLE_CODE = YES;
				CLANG_WARN__DUPLICATE_METHOD_MATCH = YES;
				COPY_PHASE_STRIP = NO;
				DEBUG_INFORMATION_FORMAT = "dwarf-with-dsym";
				ENABLE_NS_ASSERTIONS = NO;
				ENABLE_STRICT_OBJC_MSGSEND = YES;
				ENABLE_USER_SCRIPT_SANDBOXING = YES;
				GCC_C_LANGUAGE_STANDARD = gnu17;
				GCC_NO_COMMON_BLOCKS = YES;
				GCC_WARN_64_TO_32_BIT_CONVERSION = YES;
				GCC_WARN_ABOUT_RETURN_TYPE = YES_ERROR;
				GCC_WARN_UNDECLARED_SELECTOR = YES;
				GCC_WARN_UNINITIALIZED_AUTOS = YES_AGGRESSIVE;
				GCC_WARN_UNUSED_FUNCTION = YES;
				GCC_WARN_UNUSED_VARIABLE = YES;
				IPHONEOS_DEPLOYMENT_TARGET = 17.0;
				LOCALIZATION_PREFERS_STRING_CATALOGS = YES;
				MTL_ENABLE_DEBUG_INFO = NO;
				MTL_FAST_MATH = YES;
				SDKROOT = iphoneos;
				SWIFT_COMPILATION_MODE = wholemodule;
				VALIDATE_PRODUCT = YES;
			};
			name = Release;
		};
		29F556AE2B799B9C00FE6F0F /* Debug */ = {
			isa = XCBuildConfiguration;
			buildSettings = {
				ASSETCATALOG_COMPILER_APPICON_NAME = AppIcon;
				ASSETCATALOG_COMPILER_GLOBAL_ACCENT_COLOR_NAME = AccentColor;
				CODE_SIGN_STYLE = Automatic;
				CURRENT_PROJECT_VERSION = 1;
				DEVELOPMENT_ASSET_PATHS = "\"test_app/Preview Content\"";
				ENABLE_PREVIEWS = YES;
				GENERATE_INFOPLIST_FILE = YES;
				INFOPLIST_KEY_UIApplicationSceneManifest_Generation = YES;
				INFOPLIST_KEY_UIApplicationSupportsIndirectInputEvents = YES;
				INFOPLIST_KEY_UILaunchScreen_Generation = YES;
				INFOPLIST_KEY_UISupportedInterfaceOrientations_iPad = "UIInterfaceOrientationPortrait UIInterfaceOrientationPortraitUpsideDown UIInterfaceOrientationLandscapeLeft UIInterfaceOrientationLandscapeRight";
				INFOPLIST_KEY_UISupportedInterfaceOrientations_iPhone = "UIInterfaceOrientationPortrait UIInterfaceOrientationLandscapeLeft UIInterfaceOrientationLandscapeRight";
				LD_RUNPATH_SEARCH_PATHS = (
					"$(inherited)",
					"@executable_path/Frameworks",
				);
				MARKETING_VERSION = 1.0;
				PRODUCT_BUNDLE_IDENTIFIER = "ca.cgutwin.ios.test-app";
				PRODUCT_NAME = "$(TARGET_NAME)";
				SWIFT_EMIT_LOC_STRINGS = YES;
				SWIFT_VERSION = 5.0;
				TARGETED_DEVICE_FAMILY = "1,2";
			};
			name = Debug;
		};
		29F556AF2B799B9C00FE6F0F /* Release */ = {
			isa = XCBuildConfiguration;
			buildSettings = {
				ASSETCATALOG_COMPILER_APPICON_NAME = AppIcon;
				ASSETCATALOG_COMPILER_GLOBAL_ACCENT_COLOR_NAME = AccentColor;
				CODE_SIGN_STYLE = Automatic;
				CURRENT_PROJECT_VERSION = 1;
				DEVELOPMENT_ASSET_PATHS = "\"test_app/Preview Content\"";
				ENABLE_PREVIEWS = YES;
				GENERATE_INFOPLIST_FILE = YES;
				INFOPLIST_KEY_UIApplicationSceneManifest_Generation = YES;
				INFOPLIST_KEY_UIApplicationSupportsIndirectInputEvents = YES;
				INFOPLIST_KEY_UILaunchScreen_Generation = YES;
				INFOPLIST_KEY_UISupportedInterfaceOrientations_iPad = "UIInterfaceOrientationPortrait UIInterfaceOrientationPortraitUpsideDown UIInterfaceOrientationLandscapeLeft UIInterfaceOrientationLandscapeRight";
				INFOPLIST_KEY_UISupportedInterfaceOrientations_iPhone = "UIInterfaceOrientationPortrait UIInterfaceOrientationLandscapeLeft UIInterfaceOrientationLandscapeRight";
				LD_RUNPATH_SEARCH_PATHS = (
					"$(inherited)",
					"@executable_path/Frameworks",
				);
				MARKETING_VERSION = 1.0;
				PRODUCT_BUNDLE_IDENTIFIER = "ca.cgutwin.ios.test-app";
				PRODUCT_NAME = "$(TARGET_NAME)";
				SWIFT_EMIT_LOC_STRINGS = YES;
				SWIFT_VERSION = 5.0;
				TARGETED_DEVICE_FAMILY = "1,2";
			};
			name = Release;
		};
		29F556B12B799B9C00FE6F0F /* Debug */ = {
			isa = XCBuildConfiguration;
			buildSettings = {
				ALWAYS_EMBED_SWIFT_STANDARD_LIBRARIES = YES;
				BUNDLE_LOADER = "$(TEST_HOST)";
				CODE_SIGN_STYLE = Automatic;
				CURRENT_PROJECT_VERSION = 1;
				GENERATE_INFOPLIST_FILE = YES;
				IPHONEOS_DEPLOYMENT_TARGET = 17.0;
				MARKETING_VERSION = 1.0;
				PRODUCT_BUNDLE_IDENTIFIER = "ca.cgutwin.ios.test-appTests";
				PRODUCT_NAME = "$(TARGET_NAME)";
				SWIFT_EMIT_LOC_STRINGS = NO;
				SWIFT_VERSION = 5.0;
				TARGETED_DEVICE_FAMILY = "1,2";
				TEST_HOST = "$(BUILT_PRODUCTS_DIR)/test_app.app/$(BUNDLE_EXECUTABLE_FOLDER_PATH)/test_app";
			};
			name = Debug;
		};
		29F556B22B799B9C00FE6F0F /* Release */ = {
			isa = XCBuildConfiguration;
			buildSettings = {
				ALWAYS_EMBED_SWIFT_STANDARD_LIBRARIES = YES;
				BUNDLE_LOADER = "$(TEST_HOST)";
				CODE_SIGN_STYLE = Automatic;
				CURRENT_PROJECT_VERSION = 1;
				GENERATE_INFOPLIST_FILE = YES;
				IPHONEOS_DEPLOYMENT_TARGET = 17.0;
				MARKETING_VERSION = 1.0;
				PRODUCT_BUNDLE_IDENTIFIER = "ca.cgutwin.ios.test-appTests";
				PRODUCT_NAME = "$(TARGET_NAME)";
				SWIFT_EMIT_LOC_STRINGS = NO;
				SWIFT_VERSION = 5.0;
				TARGETED_DEVICE_FAMILY = "1,2";
				TEST_HOST = "$(BUILT_PRODUCTS_DIR)/test_app.app/$(BUNDLE_EXECUTABLE_FOLDER_PATH)/test_app";
			};
			name = Release;
		};
		29F556B42B799B9C00FE6F0F /* Debug */ = {
			isa = XCBuildConfiguration;
			buildSettings = {
				ALWAYS_EMBED_SWIFT_STANDARD_LIBRARIES = YES;
				CODE_SIGN_STYLE = Automatic;
				CURRENT_PROJECT_VERSION = 1;
				GENERATE_INFOPLIST_FILE = YES;
				MARKETING_VERSION = 1.0;
				PRODUCT_BUNDLE_IDENTIFIER = "ca.cgutwin.ios.test-appUITests";
				PRODUCT_NAME = "$(TARGET_NAME)";
				SWIFT_EMIT_LOC_STRINGS = NO;
				SWIFT_VERSION = 5.0;
				TARGETED_DEVICE_FAMILY = "1,2";
				TEST_TARGET_NAME = test_app;
			};
			name = Debug;
		};
		29F556B52B799B9C00FE6F0F /* Release */ = {
			isa = XCBuildConfiguration;
			buildSettings = {
				ALWAYS_EMBED_SWIFT_STANDARD_LIBRARIES = YES;
				CODE_SIGN_STYLE = Automatic;
				CURRENT_PROJECT_VERSION = 1;
				GENERATE_INFOPLIST_FILE = YES;
				MARKETING_VERSION = 1.0;
				PRODUCT_BUNDLE_IDENTIFIER = "ca.cgutwin.ios.test-appUITests";
				PRODUCT_NAME = "$(TARGET_NAME)";
				SWIFT_EMIT_LOC_STRINGS = NO;
				SWIFT_VERSION = 5.0;
				TARGETED_DEVICE_FAMILY = "1,2";
				TEST_TARGET_NAME = test_app;
			};
			name = Release;
		};
/* End XCBuildConfiguration section */

/* Begin XCConfigurationList section */
		29F556842B799B9A00FE6F0F /* Build configuration list for PBXProject "test_app" */ = {
			isa = XCConfigurationList;
			buildConfigurations = (
				29F556AB2B799B9C00FE6F0F /* Debug */,
				29F556AC2B799B9C00FE6F0F /* Release */,
			);
			defaultConfigurationIsVisible = 0;
			defaultConfigurationName = Release;
		};
		29F556AD2B799B9C00FE6F0F /* Build configuration list for PBXNativeTarget "test_app" */ = {
			isa = XCConfigurationList;
			buildConfigurations = (
				29F556AE2B799B9C00FE6F0F /* Debug */,
				29F556AF2B799B9C00FE6F0F /* Release */,
			);
			defaultConfigurationIsVisible = 0;
			defaultConfigurationName = Release;
		};
		29F556B02B799B9C00FE6F0F /* Build configuration list for PBXNativeTarget "test_appTests" */ = {
			isa = XCConfigurationList;
			buildConfigurations = (
				29F556B12B799B9C00FE6F0F /* Debug */,
				29F556B22B799B9C00FE6F0F /* Release */,
			);
			defaultConfigurationIsVisible = 0;
			defaultConfigurationName = Release;
		};
		29F556B32B799B9C00FE6F0F /* Build configuration list for PBXNativeTarget "test_appUITests" */ = {
			isa = XCConfigurationList;
			buildConfigurations = (
				29F556B42B799B9C00FE6F0F /* Debug */,
				29F556B52B799B9C00FE6F0F /* Release */,
			);
			defaultConfigurationIsVisible = 0;
			defaultConfigurationName = Release;
		};
/* End XCConfigurationList section */
	};
	rootObject = 29F556812B799B9A00FE6F0F /* Project object */;
}
